
Microsoft Visual Studio Solution File, Format Version 12.00
# Visual Studio 15
VisualStudioVersion = 15.0.28307.539
MinimumVisualStudioVersion = 10.0.40219.1
Project("{FAE04EC0-301F-11D3-BF4B-00C04F79EFBC}") = "TurtleChallenge", "TurtleChallenge\TurtleChallenge.csproj", "{199326CC-BE15-4408-8E16-36BCD95A583E}"
EndProject
Project("{FAE04EC0-301F-11D3-BF4B-00C04F79EFBC}") = "TurtleChallenge.UnitTests", "TurtleChallenge.UnitTests\TurtleChallenge.UnitTests.csproj", "{18EE12D8-2486-4696-B323-04771171F0FD}"
EndProject
Global
	GlobalSection(SolutionConfigurationPlatforms) = preSolution
		Debug|Any CPU = Debug|Any CPU
		Release|Any CPU = Release|Any CPU
	EndGlobalSection
	GlobalSection(ProjectConfigurationPlatforms) = postSolution
		{199326CC-BE15-4408-8E16-36BCD95A583E}.Debug|Any CPU.ActiveCfg = Debug|Any CPU
		{199326CC-BE15-4408-8E16-36BCD95A583E}.Debug|Any CPU.Build.0 = Debug|Any CPU
		{199326CC-BE15-4408-8E16-36BCD95A583E}.Release|Any CPU.ActiveCfg = Release|Any CPU
		{199326CC-BE15-4408-8E16-36BCD95A583E}.Release|Any CPU.Build.0 = Release|Any CPU
		{18EE12D8-2486-4696-B323-04771171F0FD}.Debug|Any CPU.ActiveCfg = Debug|Any CPU
		{18EE12D8-2486-4696-B323-04771171F0FD}.Debug|Any CPU.Build.0 = Debug|Any CPU
		{18EE12D8-2486-4696-B323-04771171F0FD}.Release|Any CPU.ActiveCfg = Release|Any CPU
		{18EE12D8-2486-4696-B323-04771171F0FD}.Release|Any CPU.Build.0 = Release|Any CPU
	EndGlobalSection
	GlobalSection(SolutionProperties) = preSolution
		HideSolutionNode = FALSE
	EndGlobalSection
	GlobalSection(ExtensibilityGlobals) = postSolution
		SolutionGuid = {50D14728-7315-4BAC-B70F-76C1D43DCEFB}
	EndGlobalSection
EndGlobal
